{
  "nodes": {
    "flake-parts": {
      "inputs": {
        "nixpkgs-lib": [
          "nixpkgs"
        ]
      },
      "locked": {
        "lastModified": 1748821116,
        "narHash": "sha256-F82+gS044J1APL0n4hH50GYdPRv/5JWm34oCJYmVKdE=",
        "owner": "hercules-ci",
        "repo": "flake-parts",
        "rev": "49f0870db23e8c1ca0b5259734a02cd9e1e371a1",
        "type": "github"
      },
      "original": {
        "owner": "hercules-ci",
        "repo": "flake-parts",
        "type": "github"
      }
    },
    "nixpkgs": {
      "locked": {
        "lastModified": 1748693115,
        "narHash": "sha256-StSrWhklmDuXT93yc3GrTlb0cKSS0agTAxMGjLKAsY8=",
        "owner": "NixOS",
        "repo": "nixpkgs",
        "rev": "910796cabe436259a29a72e8d3f5e180fc6dfacc",
        "type": "github"
      },
      "original": {
        "owner": "NixOS",
        "ref": "nixos-unstable",
        "repo": "nixpkgs",
        "type": "github"
      }
    },
    "root": {
      "inputs": {
        "flake-parts": "flake-parts",
        "nixpkgs": "nixpkgs"
      }
    }
  },
  "root": "root",
  "version": 7
}
