c2sp.org/CCTV/age v0.0.0-20260829155415-4448f2097b2d h1:Blprhc2SbChNZtWcU+BLTM4YdoqYAS9V7cJgOwJKyAs=
c2sp.org/CCTV/age v0.0.0-20260829155415-4448f2097b2d/go.mod h1:SrHC2C7r5GkDk8R+NFVzYy/sdj0Ypg9htaPXQq5Cqeo=
filippo.io/age v1.3.2 h1:r6RSZLFSMm6rzKepZ7ZAYkKCu14f3/Me8c7uKYh7C8c=
filippo.io/age v1.3.2/go.mod h1:TH/Yr2sSRhCKbaH4XPxpUV0Us8Gv6txYUpiZQWz8Evk=
filippo.io/edwards25519 v1.2.0 h1:crnVqOiS4jqYleHd9vaKZ+HKtHfllngJIiOpNpoJsjo=
filippo.io/edwards25519 v1.2.0/go.mod h1:xzAOLCNug/yB62zG1bQ8uziwrIqIuxhctzJT18Q77mc=
filippo.io/hpke v0.4.0 h1:p575VVQ6ted4pL+it6M00V/f2qTZITO0zgmdKCkd5+A=
filippo.io/hpke v0.4.0/go.mod h1:EmAN849/P3qdeK+PCMkDpDm83vRHM5cDipBJ8xbQLVY=
golang.org/x/crypto v0.56.0 h1:GUh5Ii4J5jtcseSMiRqr1jXCNHoxjeV9Fmekc2oLy6Y=
golang.org/x/crypto v0.56.0/go.mod h1:OMW5y6CY9l38uPLmxU6l6pwcXp1obtLo3e6gT7gQR2I=
golang.org/x/sys v0.47.0 h1:o7XGOvZQCADBQQ4Y7VNq2dRWQR7JmOUW8Kxx4ZsNgWs=
golang.org/x/sys v0.47.0/go.mod h1:4GL1E5IUh+htKOUEOaiffhrAeqysfVGipDYzABqnCmw=
golang.org/x/term v0.45.0 h1:NwWyBmoJCbfTHpxrWoZ9C6/VxOf7ic219I8xZZFdrf0=
golang.org/x/term v0.45.0/go.mod h1:9aqxs0blBcrm/n0L9QW0aRVD+ktan8ssZromtqJC43w=
