c2sp.org/CCTV/age v0.0.0-20260829155415-4448f2097b2d h1:Blprhc2SbChNZtWcU+BLTM4YdoqYAS9V7cJgOwJKyAs=
c2sp.org/CCTV/age v0.0.0-20260829155415-4448f2097b2d/go.mod h1:SrHC2C7r5GkDk8R+NFVzYy/sdj0Ypg9htaPXQq5Cqeo=
filippo.io/age v1.3.2 h1:r6RSZLFSMm6rzKepZ7ZAYkKCu14f3/Me8c7uKYh7C8c=
filippo.io/age v1.3.2/go.mod h1:TH/Yr2sSRhCKbaH4XPxpUV0Us8Gv6txYUpiZQWz8Evk=
filippo.io/edwards25519 v1.2.0 h1:crnVqOiS4jqYleHd9vaKZ+HKtHfllngJIiOpNpoJsjo=
filippo.io/edwards25519 v1.2.0/go.mod h1:xzAOLCNug/yB62zG1bQ8uziwrIqIuxhctzJT18Q77mc=
filippo.io/hpke v0.4.0 h1:p575VVQ6ted4pL+it6M00V/f2qTZITO0zgmdKCkd5+A=
filippo.io/hpke v0.4.0/go.mod h1:EmAN849/P3qdeK+PCMkDpDm83vRHM5cDipBJ8xbQLVY=
golang.org/x/crypto v0.57.0 h1:3ZVCjf8Ggz7zneR/EHRVx68Ctf+2pmIMP2UFhh9cC6M=
golang.org/x/crypto v0.57.0/go.mod h1:Fdz0i5U6CoizGwLda9DttjSk6qlZo25zYNtR+ycvuZA=
golang.org/x/sys v0.48.0 h1:bbX/i/6MgT9BVLM9RT1thmxL04yeTAhbEz4SyadbXoo=
golang.org/x/sys v0.48.0/go.mod h1:hNLxWAXmnKAxqDtdwIYC4bM9oQPEecfsnNMuSxOs3og=
golang.org/x/term v0.46.0 h1:3+OXuTbaKDgwk8jTi3aSLHRlmWqHEUDUtxnbFigO4YE=
golang.org/x/term v0.46.0/go.mod h1:+K02xbkittuwc0Am4abfA3Fc+XRGXkvBXNO88NCXPoc=
